
Microsoft Visual Studio Solution File, Format Version 11.00
# Visual Studio 2010
Project("{FAE04EC0-301F-11D3-BF4B-00C04F79EFBC}") = "TavooniUT3", "TavooniUT3\TavooniUT3.csproj", "{65D28B88-882E-431A-A882-49D3AAB76703}"
EndProject
Global
	GlobalSection(SolutionConfigurationPlatforms) = preSolution
		Debug|Any CPU = Debug|Any CPU
		Release|Any CPU = Release|Any CPU
	EndGlobalSection
	GlobalSection(ProjectConfigurationPlatforms) = postSolution
		{65D28B88-882E-431A-A882-49D3AAB76703}.Debug|Any CPU.ActiveCfg = Debug|Any CPU
		{65D28B88-882E-431A-A882-49D3AAB76703}.Debug|Any CPU.Build.0 = Debug|Any CPU
		{65D28B88-882E-431A-A882-49D3AAB76703}.Release|Any CPU.ActiveCfg = Release|Any CPU
		{65D28B88-882E-431A-A882-49D3AAB76703}.Release|Any CPU.Build.0 = Release|Any CPU
	EndGlobalSection
	GlobalSection(SolutionProperties) = preSolution
		HideSolutionNode = FALSE
	EndGlobalSection
EndGlobal
